
Microsoft Visual Studio Solution File, Format Version 12.00
# Visual Studio Version 17
VisualStudioVersion = 17.3.32901.215
MinimumVisualStudioVersion = 10.0.40219.1
Project("{9A19103F-16F7-4668-BE54-9A1E7A4F7556}") = "Zhai.Famil.Demo", "Zhai.Famil.Demo.csproj", "{FA3A838F-652E-47C2-B0E4-11C83F4A7082}"
EndProject
Project("{9A19103F-16F7-4668-BE54-9A1E7A4F7556}") = "Zhai.Famil", "..\src\Zhai.Famil.csproj", "{F353FC79-1981-4D69-86EB-671B0DD68A3F}"
EndProject
Global
	GlobalSection(SolutionConfigurationPlatforms) = preSolution
		Debug|Any CPU = Debug|Any CPU
		Release|Any CPU = Release|Any CPU
	EndGlobalSection
	GlobalSection(ProjectConfigurationPlatforms) = postSolution
		{FA3A838F-652E-47C2-B0E4-11C83F4A7082}.Debug|Any CPU.ActiveCfg = Debug|Any CPU
		{FA3A838F-652E-47C2-B0E4-11C83F4A7082}.Debug|Any CPU.Build.0 = Debug|Any CPU
		{FA3A838F-652E-47C2-B0E4-11C83F4A7082}.Release|Any CPU.ActiveCfg = Release|Any CPU
		{FA3A838F-652E-47C2-B0E4-11C83F4A7082}.Release|Any CPU.Build.0 = Release|Any CPU
		{F353FC79-1981-4D69-86EB-671B0DD68A3F}.Debug|Any CPU.ActiveCfg = Debug|Any CPU
		{F353FC79-1981-4D69-86EB-671B0DD68A3F}.Debug|Any CPU.Build.0 = Debug|Any CPU
		{F353FC79-1981-4D69-86EB-671B0DD68A3F}.Release|Any CPU.ActiveCfg = Release|Any CPU
		{F353FC79-1981-4D69-86EB-671B0DD68A3F}.Release|Any CPU.Build.0 = Release|Any CPU
	EndGlobalSection
	GlobalSection(SolutionProperties) = preSolution
		HideSolutionNode = FALSE
	EndGlobalSection
	GlobalSection(ExtensibilityGlobals) = postSolution
		SolutionGuid = {B8878ED9-C121-4D8B-9AAB-A9F7851A602A}
	EndGlobalSection
EndGlobal
